
Microsoft Visual Studio Solution File, Format Version 12.00
# Visual Studio Version 17
VisualStudioVersion = 17.7.34221.43
MinimumVisualStudioVersion = 10.0.40219.1
Project("{54A90642-561A-4BB1-A94E-469ADEE60C69}") = "angularapp", "Examen\angularapp\angularapp.esproj", "{A935DC03-4663-4694-AC8A-59FFBC1E4256}"
EndProject
Project("{9A19103F-16F7-4668-BE54-9A1E7A4F7556}") = "webapi", "Examen\webapi\webapi.csproj", "{E17BD5B6-B626-4869-90A0-7DD5ECC94D29}"
EndProject
Global
	GlobalSection(SolutionConfigurationPlatforms) = preSolution
		Debug|Any CPU = Debug|Any CPU
		Release|Any CPU = Release|Any CPU
	EndGlobalSection
	GlobalSection(ProjectConfigurationPlatforms) = postSolution
		{A935DC03-4663-4694-AC8A-59FFBC1E4256}.Debug|Any CPU.ActiveCfg = Debug|Any CPU
		{A935DC03-4663-4694-AC8A-59FFBC1E4256}.Debug|Any CPU.Build.0 = Debug|Any CPU
		{A935DC03-4663-4694-AC8A-59FFBC1E4256}.Debug|Any CPU.Deploy.0 = Debug|Any CPU
		{A935DC03-4663-4694-AC8A-59FFBC1E4256}.Release|Any CPU.ActiveCfg = Release|Any CPU
		{A935DC03-4663-4694-AC8A-59FFBC1E4256}.Release|Any CPU.Build.0 = Release|Any CPU
		{A935DC03-4663-4694-AC8A-59FFBC1E4256}.Release|Any CPU.Deploy.0 = Release|Any CPU
		{E17BD5B6-B626-4869-90A0-7DD5ECC94D29}.Debug|Any CPU.ActiveCfg = Debug|Any CPU
		{E17BD5B6-B626-4869-90A0-7DD5ECC94D29}.Debug|Any CPU.Build.0 = Debug|Any CPU
		{E17BD5B6-B626-4869-90A0-7DD5ECC94D29}.Release|Any CPU.ActiveCfg = Release|Any CPU
		{E17BD5B6-B626-4869-90A0-7DD5ECC94D29}.Release|Any CPU.Build.0 = Release|Any CPU
	EndGlobalSection
	GlobalSection(SolutionProperties) = preSolution
		HideSolutionNode = FALSE
	EndGlobalSection
	GlobalSection(ExtensibilityGlobals) = postSolution
		SolutionGuid = {D1CAAACC-21C9-47BF-9F61-46597B96B7A1}
	EndGlobalSection
EndGlobal
